// !$*UTF8*$!
{
	archiveVersion = 1;
	classes = {
	};
	objectVersion = 46;
	objects = {

/* Begin PBXBuildFile section */
		1161FBFD5F6FB3E1500800FB /* Pods_WeatherService.framework in Frameworks */ = {isa = PBXBuildFile; fileRef = 7ABF13E347E4200A093CE340 /* Pods_WeatherService.framework */; };
		163185C51E739DE600C1F10E /* DailyWeatherTableViewCell.swift in Sources */ = {isa = PBXBuildFile; fileRef = 163185C41E739DE600C1F10E /* DailyWeatherTableViewCell.swift */; };
		163185C71E739DED00C1F10E /* HourlyWeatherTableViewCell.swift in Sources */ = {isa = PBXBuildFile; fileRef = 163185C61E739DED00C1F10E /* HourlyWeatherTableViewCell.swift */; };
		1686784A1E6F4ED9006FD341 /* AppDelegate.swift in Sources */ = {isa = PBXBuildFile; fileRef = 168678491E6F4ED9006FD341 /* AppDelegate.swift */; };
		1686784C1E6F4ED9006FD341 /* ViewController.swift in Sources */ = {isa = PBXBuildFile; fileRef = 1686784B1E6F4ED9006FD341 /* ViewController.swift */; };
		1686784F1E6F4ED9006FD341 /* Main.storyboard in Resources */ = {isa = PBXBuildFile; fileRef = 1686784D1E6F4ED9006FD341 /* Main.storyboard */; };
		168678511E6F4ED9006FD341 /* Assets.xcassets in Resources */ = {isa = PBXBuildFile; fileRef = 168678501E6F4ED9006FD341 /* Assets.xcassets */; };
		168678541E6F4ED9006FD341 /* LaunchScreen.storyboard in Resources */ = {isa = PBXBuildFile; fileRef = 168678521E6F4ED9006FD341 /* LaunchScreen.storyboard */; };
		1686785F1E6F4ED9006FD341 /* WeatherServiceTests.swift in Sources */ = {isa = PBXBuildFile; fileRef = 1686785E1E6F4ED9006FD341 /* WeatherServiceTests.swift */; };
		1686786A1E6F4ED9006FD341 /* WeatherServiceUITests.swift in Sources */ = {isa = PBXBuildFile; fileRef = 168678691E6F4ED9006FD341 /* WeatherServiceUITests.swift */; };
		3A09186EA38044F08C9B8903 /* Pods_WeatherServiceTests.framework in Frameworks */ = {isa = PBXBuildFile; fileRef = 59481F8DF80AB65BD9A92008 /* Pods_WeatherServiceTests.framework */; };
		9BD19EC458303CE0E166607E /* Pods_WeatherServiceUITests.framework in Frameworks */ = {isa = PBXBuildFile; fileRef = 4FDBE5996A9FD8233E1FC4ED /* Pods_WeatherServiceUITests.framework */; };
/* End PBXBuildFile section */

/* Begin PBXContainerItemProxy section */
		1686785B1E6F4ED9006FD341 /* PBXContainerItemProxy */ = {
			isa = PBXContainerItemProxy;
			containerPortal = 1686783E1E6F4ED9006FD341 /* Project object */;
			proxyType = 1;
			remoteGlobalIDString = 168678451E6F4ED9006FD341;
			remoteInfo = WeatherService;
		};
		168678661E6F4ED9006FD341 /* PBXContainerItemProxy */ = {
			isa = PBXContainerItemProxy;
			containerPortal = 1686783E1E6F4ED9006FD341 /* Project object */;
			proxyType = 1;
			remoteGlobalIDString = 168678451E6F4ED9006FD341;
			remoteInfo = WeatherService;
		};
/* End PBXContainerItemProxy section */

/* Begin PBXCopyFilesBuildPhase section */
		16E033991E725B6900F6775F /* Embed Frameworks */ = {
			isa = PBXCopyFilesBuildPhase;
			buildActionMask = 2147483647;
			dstPath = "";
			dstSubfolderSpec = 10;
			files = (
			);
			name = "Embed Frameworks";
			runOnlyForDeploymentPostprocessing = 0;
		};
/* End PBXCopyFilesBuildPhase section */

/* Begin PBXFileReference section */
		163185C41E739DE600C1F10E /* DailyWeatherTableViewCell.swift */ = {isa = PBXFileReference; fileEncoding = 4; lastKnownFileType = sourcecode.swift; name = DailyWeatherTableViewCell.swift; path = ../../../../WeatherApp/WeatherApp/DailyWeatherTableViewCell.swift; sourceTree = "<group>"; };
		163185C61E739DED00C1F10E /* HourlyWeatherTableViewCell.swift */ = {isa = PBXFileReference; fileEncoding = 4; lastKnownFileType = sourcecode.swift; name = HourlyWeatherTableViewCell.swift; path = ../../../../WeatherApp/WeatherApp/HourlyWeatherTableViewCell.swift; sourceTree = "<group>"; };
		168678461E6F4ED9006FD341 /* WeatherService.app */ = {isa = PBXFileReference; explicitFileType = wrapper.application; includeInIndex = 0; path = WeatherService.app; sourceTree = BUILT_PRODUCTS_DIR; };
		168678491E6F4ED9006FD341 /* AppDelegate.swift */ = {isa = PBXFileReference; lastKnownFileType = sourcecode.swift; path = AppDelegate.swift; sourceTree = "<group>"; };
		1686784B1E6F4ED9006FD341 /* ViewController.swift */ = {isa = PBXFileReference; lastKnownFileType = sourcecode.swift; path = ViewController.swift; sourceTree = "<group>"; };
		1686784E1E6F4ED9006FD341 /* Base */ = {isa = PBXFileReference; lastKnownFileType = file.storyboard; name = Base; path = Base.lproj/Main.storyboard; sourceTree = "<group>"; };
		168678501E6F4ED9006FD341 /* Assets.xcassets */ = {isa = PBXFileReference; lastKnownFileType = folder.assetcatalog; path = Assets.xcassets; sourceTree = "<group>"; };
		168678531E6F4ED9006FD341 /* Base */ = {isa = PBXFileReference; lastKnownFileType = file.storyboard; name = Base; path = Base.lproj/LaunchScreen.storyboard; sourceTree = "<group>"; };
		168678551E6F4ED9006FD341 /* Info.plist */ = {isa = PBXFileReference; lastKnownFileType = text.plist.xml; path = Info.plist; sourceTree = "<group>"; };
		1686785A1E6F4ED9006FD341 /* WeatherServiceTests.xctest */ = {isa = PBXFileReference; explicitFileType = wrapper.cfbundle; includeInIndex = 0; path = WeatherServiceTests.xctest; sourceTree = BUILT_PRODUCTS_DIR; };
		1686785E1E6F4ED9006FD341 /* WeatherServiceTests.swift */ = {isa = PBXFileReference; lastKnownFileType = sourcecode.swift; path = WeatherServiceTests.swift; sourceTree = "<group>"; };
		168678601E6F4ED9006FD341 /* Info.plist */ = {isa = PBXFileReference; lastKnownFileType = text.plist.xml; path = Info.plist; sourceTree = "<group>"; };
		168678651E6F4ED9006FD341 /* WeatherServiceUITests.xctest */ = {isa = PBXFileReference; explicitFileType = wrapper.cfbundle; includeInIndex = 0; path = WeatherServiceUITests.xctest; sourceTree = BUILT_PRODUCTS_DIR; };
		168678691E6F4ED9006FD341 /* WeatherServiceUITests.swift */ = {isa = PBXFileReference; lastKnownFileType = sourcecode.swift; path = WeatherServiceUITests.swift; sourceTree = "<group>"; };
		1686786B1E6F4ED9006FD341 /* Info.plist */ = {isa = PBXFileReference; lastKnownFileType = text.plist.xml; path = Info.plist; sourceTree = "<group>"; };
		3ED3E8C6B8533317C880B972 /* Pods-WeatherServiceTests.debug.xcconfig */ = {isa = PBXFileReference; includeInIndex = 1; lastKnownFileType = text.xcconfig; name = "Pods-WeatherServiceTests.debug.xcconfig"; path = "Pods/Target Support Files/Pods-WeatherServiceTests/Pods-WeatherServiceTests.debug.xcconfig"; sourceTree = "<group>"; };
		4FDBE5996A9FD8233E1FC4ED /* Pods_WeatherServiceUITests.framework */ = {isa = PBXFileReference; explicitFileType = wrapper.framework; includeInIndex = 0; path = Pods_WeatherServiceUITests.framework; sourceTree = BUILT_PRODUCTS_DIR; };
		59481F8DF80AB65BD9A92008 /* Pods_WeatherServiceTests.framework */ = {isa = PBXFileReference; explicitFileType = wrapper.framework; includeInIndex = 0; path = Pods_WeatherServiceTests.framework; sourceTree = BUILT_PRODUCTS_DIR; };
		66A255BBF3977A6DE33A8F80 /* Pods-WeatherServiceUITests.debug.xcconfig */ = {isa = PBXFileReference; includeInIndex = 1; lastKnownFileType = text.xcconfig; name = "Pods-WeatherServiceUITests.debug.xcconfig"; path = "Pods/Target Support Files/Pods-WeatherServiceUITests/Pods-WeatherServiceUITests.debug.xcconfig"; sourceTree = "<group>"; };
		78FD6CC9762861D82D28C3AA /* Pods-WeatherServiceUITests.release.xcconfig */ = {isa = PBXFileReference; includeInIndex = 1; lastKnownFileType = text.xcconfig; name = "Pods-WeatherServiceUITests.release.xcconfig"; path = "Pods/Target Support Files/Pods-WeatherServiceUITests/Pods-WeatherServiceUITests.release.xcconfig"; sourceTree = "<group>"; };
		7ABF13E347E4200A093CE340 /* Pods_WeatherService.framework */ = {isa = PBXFileReference; explicitFileType = wrapper.framework; includeInIndex = 0; path = Pods_WeatherService.framework; sourceTree = BUILT_PRODUCTS_DIR; };
		D55AC1D844DD69E302F85B54 /* Pods-WeatherService.debug.xcconfig */ = {isa = PBXFileReference; includeInIndex = 1; lastKnownFileType = text.xcconfig; name = "Pods-WeatherService.debug.xcconfig"; path = "Pods/Target Support Files/Pods-WeatherService/Pods-WeatherService.debug.xcconfig"; sourceTree = "<group>"; };
		DA91CC3C62222E9106DC943F /* Pods-WeatherServiceTests.release.xcconfig */ = {isa = PBXFileReference; includeInIndex = 1; lastKnownFileType = text.xcconfig; name = "Pods-WeatherServiceTests.release.xcconfig"; path = "Pods/Target Support Files/Pods-WeatherServiceTests/Pods-WeatherServiceTests.release.xcconfig"; sourceTree = "<group>"; };
		E980EEFB051C1339C3ED1C40 /* Pods-WeatherService.release.xcconfig */ = {isa = PBXFileReference; includeInIndex = 1; lastKnownFileType = text.xcconfig; name = "Pods-WeatherService.release.xcconfig"; path = "Pods/Target Support Files/Pods-WeatherService/Pods-WeatherService.release.xcconfig"; sourceTree = "<group>"; };
/* End PBXFileReference section */

/* Begin PBXFrameworksBuildPhase section */
		168678431E6F4ED9006FD341 /* Frameworks */ = {
			isa = PBXFrameworksBuildPhase;
			buildActionMask = 2147483647;
			files = (
				1161FBFD5F6FB3E1500800FB /* Pods_WeatherService.framework in Frameworks */,
			);
			runOnlyForDeploymentPostprocessing = 0;
		};
		168678571E6F4ED9006FD341 /* Frameworks */ = {
			isa = PBXFrameworksBuildPhase;
			buildActionMask = 2147483647;
			files = (
				3A09186EA38044F08C9B8903 /* Pods_WeatherServiceTests.framework in Frameworks */,
			);
			runOnlyForDeploymentPostprocessing = 0;
		};
		168678621E6F4ED9006FD341 /* Frameworks */ = {
			isa = PBXFrameworksBuildPhase;
			buildActionMask = 2147483647;
			files = (
				9BD19EC458303CE0E166607E /* Pods_WeatherServiceUITests.framework in Frameworks */,
			);
			runOnlyForDeploymentPostprocessing = 0;
		};
/* End PBXFrameworksBuildPhase section */

/* Begin PBXGroup section */
		1686783D1E6F4ED9006FD341 = {
			isa = PBXGroup;
			children = (
				168678481E6F4ED9006FD341 /* WeatherService */,
				1686785D1E6F4ED9006FD341 /* WeatherServiceTests */,
				168678681E6F4ED9006FD341 /* WeatherServiceUITests */,
				168678471E6F4ED9006FD341 /* Products */,
				A414C4E13B9BCF3036EDC342 /* Pods */,
				B0AA0DDE3297E1D46AF88305 /* Frameworks */,
			);
			sourceTree = "<group>";
		};
		168678471E6F4ED9006FD341 /* Products */ = {
			isa = PBXGroup;
			children = (
				168678461E6F4ED9006FD341 /* WeatherService.app */,
				1686785A1E6F4ED9006FD341 /* WeatherServiceTests.xctest */,
				168678651E6F4ED9006FD341 /* WeatherServiceUITests.xctest */,
			);
			name = Products;
			sourceTree = "<group>";
		};
		168678481E6F4ED9006FD341 /* WeatherService */ = {
			isa = PBXGroup;
			children = (
				168678491E6F4ED9006FD341 /* AppDelegate.swift */,
				1686784B1E6F4ED9006FD341 /* ViewController.swift */,
				1686784D1E6F4ED9006FD341 /* Main.storyboard */,
				168678501E6F4ED9006FD341 /* Assets.xcassets */,
				163185C41E739DE600C1F10E /* DailyWeatherTableViewCell.swift */,
				163185C61E739DED00C1F10E /* HourlyWeatherTableViewCell.swift */,
				168678521E6F4ED9006FD341 /* LaunchScreen.storyboard */,
				168678551E6F4ED9006FD341 /* Info.plist */,
			);
			path = WeatherService;
			sourceTree = "<group>";
		};
		1686785D1E6F4ED9006FD341 /* WeatherServiceTests */ = {
			isa = PBXGroup;
			children = (
				1686785E1E6F4ED9006FD341 /* WeatherServiceTests.swift */,
				168678601E6F4ED9006FD341 /* Info.plist */,
			);
			path = WeatherServiceTests;
			sourceTree = "<group>";
		};
		168678681E6F4ED9006FD341 /* WeatherServiceUITests */ = {
			isa = PBXGroup;
			children = (
				168678691E6F4ED9006FD341 /* WeatherServiceUITests.swift */,
				1686786B1E6F4ED9006FD341 /* Info.plist */,
			);
			path = WeatherServiceUITests;
			sourceTree = "<group>";
		};
		A414C4E13B9BCF3036EDC342 /* Pods */ = {
			isa = PBXGroup;
			children = (
				D55AC1D844DD69E302F85B54 /* Pods-WeatherService.debug.xcconfig */,
				E980EEFB051C1339C3ED1C40 /* Pods-WeatherService.release.xcconfig */,
				3ED3E8C6B8533317C880B972 /* Pods-WeatherServiceTests.debug.xcconfig */,
				DA91CC3C62222E9106DC943F /* Pods-WeatherServiceTests.release.xcconfig */,
				66A255BBF3977A6DE33A8F80 /* Pods-WeatherServiceUITests.debug.xcconfig */,
				78FD6CC9762861D82D28C3AA /* Pods-WeatherServiceUITests.release.xcconfig */,
			);
			name = Pods;
			sourceTree = "<group>";
		};
		B0AA0DDE3297E1D46AF88305 /* Frameworks */ = {
			isa = PBXGroup;
			children = (
				7ABF13E347E4200A093CE340 /* Pods_WeatherService.framework */,
				59481F8DF80AB65BD9A92008 /* Pods_WeatherServiceTests.framework */,
				4FDBE5996A9FD8233E1FC4ED /* Pods_WeatherServiceUITests.framework */,
			);
			name = Frameworks;
			sourceTree = "<group>";
		};
/* End PBXGroup section */

/* Begin PBXNativeTarget section */
		168678451E6F4ED9006FD341 /* WeatherService */ = {
			isa = PBXNativeTarget;
			buildConfigurationList = 1686786E1E6F4ED9006FD341 /* Build configuration list for PBXNativeTarget "WeatherService" */;
			buildPhases = (
				5B9F41DD5B3B4651DC67662E /* [CP] Check Pods Manifest.lock */,
				168678421E6F4ED9006FD341 /* Sources */,
				168678431E6F4ED9006FD341 /* Frameworks */,
				168678441E6F4ED9006FD341 /* Resources */,
				16E033991E725B6900F6775F /* Embed Frameworks */,
				DB774D9038AEC39A6D867B96 /* [CP] Embed Pods Frameworks */,
				FAC94D78CF056D1C75405050 /* [CP] Copy Pods Resources */,
			);
			buildRules = (
			);
			dependencies = (
			);
			name = WeatherService;
			productName = WeatherService;
			productReference = 168678461E6F4ED9006FD341 /* WeatherService.app */;
			productType = "com.apple.product-type.application";
		};
		168678591E6F4ED9006FD341 /* WeatherServiceTests */ = {
			isa = PBXNativeTarget;
			buildConfigurationList = 168678711E6F4ED9006FD341 /* Build configuration list for PBXNativeTarget "WeatherServiceTests" */;
			buildPhases = (
				E0FAE9E965985B383677CDC3 /* [CP] Check Pods Manifest.lock */,
				168678561E6F4ED9006FD341 /* Sources */,
				168678571E6F4ED9006FD341 /* Frameworks */,
				168678581E6F4ED9006FD341 /* Resources */,
				71CA66F09EB56049B293A05C /* [CP] Embed Pods Frameworks */,
				FE19475C7A1C32695BA78B91 /* [CP] Copy Pods Resources */,
			);
			buildRules = (
			);
			dependencies = (
				1686785C1E6F4ED9006FD341 /* PBXTargetDependency */,
			);
			name = WeatherServiceTests;
			productName = WeatherServiceTests;
			productReference = 1686785A1E6F4ED9006FD341 /* WeatherServiceTests.xctest */;
			productType = "com.apple.product-type.bundle.unit-test";
		};
		168678641E6F4ED9006FD341 /* WeatherServiceUITests */ = {
			isa = PBXNativeTarget;
			buildConfigurationList = 168678741E6F4ED9006FD341 /* Build configuration list for PBXNativeTarget "WeatherServiceUITests" */;
			buildPhases = (
				0C5C3A96482F7402551F8A91 /* [CP] Check Pods Manifest.lock */,
				168678611E6F4ED9006FD341 /* Sources */,
				168678621E6F4ED9006FD341 /* Frameworks */,
				168678631E6F4ED9006FD341 /* Resources */,
				EBD719D0E2F46F42706B2723 /* [CP] Embed Pods Frameworks */,
				471CA61AE64AD06C517C9060 /* [CP] Copy Pods Resources */,
			);
			buildRules = (
			);
			dependencies = (
				168678671E6F4ED9006FD341 /* PBXTargetDependency */,
			);
			name = WeatherServiceUITests;
			productName = WeatherServiceUITests;
			productReference = 168678651E6F4ED9006FD341 /* WeatherServiceUITests.xctest */;
			productType = "com.apple.product-type.bundle.ui-testing";
		};
/* End PBXNativeTarget section */

/* Begin PBXProject section */
		1686783E1E6F4ED9006FD341 /* Project object */ = {
			isa = PBXProject;
			attributes = {
				LastSwiftUpdateCheck = 0820;
				LastUpgradeCheck = 0820;
				ORGANIZATIONNAME = "Daniel Andrews";
				TargetAttributes = {
					168678451E6F4ED9006FD341 = {
						CreatedOnToolsVersion = 8.2.1;
						DevelopmentTeam = K5SQ49A4VN;
						ProvisioningStyle = Automatic;
					};
					168678591E6F4ED9006FD341 = {
						CreatedOnToolsVersion = 8.2.1;
						DevelopmentTeam = K5SQ49A4VN;
						ProvisioningStyle = Automatic;
						TestTargetID = 168678451E6F4ED9006FD341;
					};
					168678641E6F4ED9006FD341 = {
						CreatedOnToolsVersion = 8.2.1;
						DevelopmentTeam = K5SQ49A4VN;
						ProvisioningStyle = Automatic;
						TestTargetID = 168678451E6F4ED9006FD341;
					};
				};
			};
			buildConfigurationList = 168678411E6F4ED9006FD341 /* Build configuration list for PBXProject "WeatherService" */;
			compatibilityVersion = "Xcode 3.2";
			developmentRegion = English;
			hasScannedForEncodings = 0;
			knownRegions = (
				en,
				Base,
			);
			mainGroup = 1686783D1E6F4ED9006FD341;
			productRefGroup = 168678471E6F4ED9006FD341 /* Products */;
			projectDirPath = "";
			projectRoot = "";
			targets = (
				168678451E6F4ED9006FD341 /* WeatherService */,
				168678591E6F4ED9006FD341 /* WeatherServiceTests */,
				168678641E6F4ED9006FD341 /* WeatherServiceUITests */,
			);
		};
/* End PBXProject section */

/* Begin PBXResourcesBuildPhase section */
		168678441E6F4ED9006FD341 /* Resources */ = {
			isa = PBXResourcesBuildPhase;
			buildActionMask = 2147483647;
			files = (
				168678541E6F4ED9006FD341 /* LaunchScreen.storyboard in Resources */,
				168678511E6F4ED9006FD341 /* Assets.xcassets in Resources */,
				1686784F1E6F4ED9006FD341 /* Main.storyboard in Resources */,
			);
			runOnlyForDeploymentPostprocessing = 0;
		};
		168678581E6F4ED9006FD341 /* Resources */ = {
			isa = PBXResourcesBuildPhase;
			buildActionMask = 2147483647;
			files = (
			);
			runOnlyForDeploymentPostprocessing = 0;
		};
		168678631E6F4ED9006FD341 /* Resources */ = {
			isa = PBXResourcesBuildPhase;
			buildActionMask = 2147483647;
			files = (
			);
			runOnlyForDeploymentPostprocessing = 0;
		};
/* End PBXResourcesBuildPhase section */

/* Begin PBXShellScriptBuildPhase section */
		0C5C3A96482F7402551F8A91 /* [CP] Check Pods Manifest.lock */ = {
			isa = PBXShellScriptBuildPhase;
			buildActionMask = 2147483647;
			files = (
			);
			inputPaths = (
			);
			name = "[CP] Check Pods Manifest.lock";
			outputPaths = (
			);
			runOnlyForDeploymentPostprocessing = 0;
			shellPath = /bin/sh;
			shellScript = "diff \"${PODS_ROOT}/../Podfile.lock\" \"${PODS_ROOT}/Manifest.lock\" > /dev/null\nif [ $? != 0 ] ; then\n    # print error to STDERR\n    echo \"error: The sandbox is not in sync with the Podfile.lock. Run 'pod install' or update your CocoaPods installation.\" >&2\n    exit 1\nfi\n";
			showEnvVarsInLog = 0;
		};
		471CA61AE64AD06C517C9060 /* [CP] Copy Pods Resources */ = {
			isa = PBXShellScriptBuildPhase;
			buildActionMask = 2147483647;
			files = (
			);
			inputPaths = (
			);
			name = "[CP] Copy Pods Resources";
			outputPaths = (
			);
			runOnlyForDeploymentPostprocessing = 0;
			shellPath = /bin/sh;
			shellScript = "\"${SRCROOT}/Pods/Target Support Files/Pods-WeatherServiceUITests/Pods-WeatherServiceUITests-resources.sh\"\n";
			showEnvVarsInLog = 0;
		};
		5B9F41DD5B3B4651DC67662E /* [CP] Check Pods Manifest.lock */ = {
			isa = PBXShellScriptBuildPhase;
			buildActionMask = 2147483647;
			files = (
			);
			inputPaths = (
			);
			name = "[CP] Check Pods Manifest.lock";
			outputPaths = (
			);
			runOnlyForDeploymentPostprocessing = 0;
			shellPath = /bin/sh;
			shellScript = "diff \"${PODS_ROOT}/../Podfile.lock\" \"${PODS_ROOT}/Manifest.lock\" > /dev/null\nif [ $? != 0 ] ; then\n    # print error to STDERR\n    echo \"error: The sandbox is not in sync with the Podfile.lock. Run 'pod install' or update your CocoaPods installation.\" >&2\n    exit 1\nfi\n";
			showEnvVarsInLog = 0;
		};
		71CA66F09EB56049B293A05C /* [CP] Embed Pods Frameworks */ = {
			isa = PBXShellScriptBuildPhase;
			buildActionMask = 2147483647;
			files = (
			);
			inputPaths = (
			);
			name = "[CP] Embed Pods Frameworks";
			outputPaths = (
			);
			runOnlyForDeploymentPostprocessing = 0;
			shellPath = /bin/sh;
			shellScript = "\"${SRCROOT}/Pods/Target Support Files/Pods-WeatherServiceTests/Pods-WeatherServiceTests-frameworks.sh\"\n";
			showEnvVarsInLog = 0;
		};
		DB774D9038AEC39A6D867B96 /* [CP] Embed Pods Frameworks */ = {
			isa = PBXShellScriptBuildPhase;
			buildActionMask = 2147483647;
			files = (
			);
			inputPaths = (
			);
			name = "[CP] Embed Pods Frameworks";
			outputPaths = (
			);
			runOnlyForDeploymentPostprocessing = 0;
			shellPath = /bin/sh;
			shellScript = "\"${SRCROOT}/Pods/Target Support Files/Pods-WeatherService/Pods-WeatherService-frameworks.sh\"\n";
			showEnvVarsInLog = 0;
		};
		E0FAE9E965985B383677CDC3 /* [CP] Check Pods Manifest.lock */ = {
			isa = PBXShellScriptBuildPhase;
			buildActionMask = 2147483647;
			files = (
			);
			inputPaths = (
			);
			name = "[CP] Check Pods Manifest.lock";
			outputPaths = (
			);
			runOnlyForDeploymentPostprocessing = 0;
			shellPath = /bin/sh;
			shellScript = "diff \"${PODS_ROOT}/../Podfile.lock\" \"${PODS_ROOT}/Manifest.lock\" > /dev/null\nif [ $? != 0 ] ; then\n    # print error to STDERR\n    echo \"error: The sandbox is not in sync with the Podfile.lock. Run 'pod install' or update your CocoaPods installation.\" >&2\n    exit 1\nfi\n";
			showEnvVarsInLog = 0;
		};
		EBD719D0E2F46F42706B2723 /* [CP] Embed Pods Frameworks */ = {
			isa = PBXShellScriptBuildPhase;
			buildActionMask = 2147483647;
			files = (
			);
			inputPaths = (
			);
			name = "[CP] Embed Pods Frameworks";
			outputPaths = (
			);
			runOnlyForDeploymentPostprocessing = 0;
			shellPath = /bin/sh;
			shellScript = "\"${SRCROOT}/Pods/Target Support Files/Pods-WeatherServiceUITests/Pods-WeatherServiceUITests-frameworks.sh\"\n";
			showEnvVarsInLog = 0;
		};
		FAC94D78CF056D1C75405050 /* [CP] Copy Pods Resources */ = {
			isa = PBXShellScriptBuildPhase;
			buildActionMask = 2147483647;
			files = (
			);
			inputPaths = (
			);
			name = "[CP] Copy Pods Resources";
			outputPaths = (
			);
			runOnlyForDeploymentPostprocessing = 0;
			shellPath = /bin/sh;
			shellScript = "\"${SRCROOT}/Pods/Target Support Files/Pods-WeatherService/Pods-WeatherService-resources.sh\"\n";
			showEnvVarsInLog = 0;
		};
		FE19475C7A1C32695BA78B91 /* [CP] Copy Pods Resources */ = {
			isa = PBXShellScriptBuildPhase;
			buildActionMask = 2147483647;
			files = (
			);
			inputPaths = (
			);
			name = "[CP] Copy Pods Resources";
			outputPaths = (
			);
			runOnlyForDeploymentPostprocessing = 0;
			shellPath = /bin/sh;
			shellScript = "\"${SRCROOT}/Pods/Target Support Files/Pods-WeatherServiceTests/Pods-WeatherServiceTests-resources.sh\"\n";
			showEnvVarsInLog = 0;
		};
/* End PBXShellScriptBuildPhase section */

/* Begin PBXSourcesBuildPhase section */
		168678421E6F4ED9006FD341 /* Sources */ = {
			isa = PBXSourcesBuildPhase;
			buildActionMask = 2147483647;
			files = (
				163185C71E739DED00C1F10E /* HourlyWeatherTableViewCell.swift in Sources */,
				163185C51E739DE600C1F10E /* DailyWeatherTableViewCell.swift in Sources */,
				1686784C1E6F4ED9006FD341 /* ViewController.swift in Sources */,
				1686784A1E6F4ED9006FD341 /* AppDelegate.swift in Sources */,
			);
			runOnlyForDeploymentPostprocessing = 0;
		};
		168678561E6F4ED9006FD341 /* Sources */ = {
			isa = PBXSourcesBuildPhase;
			buildActionMask = 2147483647;
			files = (
				1686785F1E6F4ED9006FD341 /* WeatherServiceTests.swift in Sources */,
			);
			runOnlyForDeploymentPostprocessing = 0;
		};
		168678611E6F4ED9006FD341 /* Sources */ = {
			isa = PBXSourcesBuildPhase;
			buildActionMask = 2147483647;
			files = (
				1686786A1E6F4ED9006FD341 /* WeatherServiceUITests.swift in Sources */,
			);
			runOnlyForDeploymentPostprocessing = 0;
		};
/* End PBXSourcesBuildPhase section */

/* Begin PBXTargetDependency section */
		1686785C1E6F4ED9006FD341 /* PBXTargetDependency */ = {
			isa = PBXTargetDependency;
			target = 168678451E6F4ED9006FD341 /* WeatherService */;
			targetProxy = 1686785B1E6F4ED9006FD341 /* PBXContainerItemProxy */;
		};
		168678671E6F4ED9006FD341 /* PBXTargetDependency */ = {
			isa = PBXTargetDependency;
			target = 168678451E6F4ED9006FD341 /* WeatherService */;
			targetProxy = 168678661E6F4ED9006FD341 /* PBXContainerItemProxy */;
		};
/* End PBXTargetDependency section */

/* Begin PBXVariantGroup section */
		1686784D1E6F4ED9006FD341 /* Main.storyboard */ = {
			isa = PBXVariantGroup;
			children = (
				1686784E1E6F4ED9006FD341 /* Base */,
			);
			name = Main.storyboard;
			sourceTree = "<group>";
		};
		168678521E6F4ED9006FD341 /* LaunchScreen.storyboard */ = {
			isa = PBXVariantGroup;
			children = (
				168678531E6F4ED9006FD341 /* Base */,
			);
			name = LaunchScreen.storyboard;
			sourceTree = "<group>";
		};
/* End PBXVariantGroup section */

/* Begin XCBuildConfiguration section */
		1686786C1E6F4ED9006FD341 /* Debug */ = {
			isa = XCBuildConfiguration;
			buildSettings = {
				ALWAYS_SEARCH_USER_PATHS = NO;
				CLANG_ANALYZER_NONNULL = YES;
				CLANG_CXX_LANGUAGE_STANDARD = "gnu++0x";
				CLANG_CXX_LIBRARY = "libc++";
				CLANG_ENABLE_MODULES = YES;
				CLANG_ENABLE_OBJC_ARC = YES;
				CLANG_WARN_BOOL_CONVERSION = YES;
				CLANG_WARN_CONSTANT_CONVERSION = YES;
				CLANG_WARN_DIRECT_OBJC_ISA_USAGE = YES_ERROR;
				CLANG_WARN_DOCUMENTATION_COMMENTS = YES;
				CLANG_WARN_EMPTY_BODY = YES;
				CLANG_WARN_ENUM_CONVERSION = YES;
				CLANG_WARN_INFINITE_RECURSION = YES;
				CLANG_WARN_INT_CONVERSION = YES;
				CLANG_WARN_OBJC_ROOT_CLASS = YES_ERROR;
				CLANG_WARN_SUSPICIOUS_MOVE = YES;
				CLANG_WARN_UNREACHABLE_CODE = YES;
				CLANG_WARN__DUPLICATE_METHOD_MATCH = YES;
				"CODE_SIGN_IDENTITY[sdk=iphoneos*]" = "iPhone Developer";
				COPY_PHASE_STRIP = NO;
				DEBUG_INFORMATION_FORMAT = dwarf;
				ENABLE_STRICT_OBJC_MSGSEND = YES;
				ENABLE_TESTABILITY = YES;
				GCC_C_LANGUAGE_STANDARD = gnu99;
				GCC_DYNAMIC_NO_PIC = NO;
				GCC_NO_COMMON_BLOCKS = YES;
				GCC_OPTIMIZATION_LEVEL = 0;
				GCC_PREPROCESSOR_DEFINITIONS = (
					"DEBUG=1",
					"$(inherited)",
				);
				GCC_WARN_64_TO_32_BIT_CONVERSION = YES;
				GCC_WARN_ABOUT_RETURN_TYPE = YES_ERROR;
				GCC_WARN_UNDECLARED_SELECTOR = YES;
				GCC_WARN_UNINITIALIZED_AUTOS = YES_AGGRESSIVE;
				GCC_WARN_UNUSED_FUNCTION = YES;
				GCC_WARN_UNUSED_VARIABLE = YES;
				IPHONEOS_DEPLOYMENT_TARGET = 10.2;
				MTL_ENABLE_DEBUG_INFO = YES;
				ONLY_ACTIVE_ARCH = YES;
				SDKROOT = iphoneos;
				SWIFT_ACTIVE_COMPILATION_CONDITIONS = DEBUG;
				SWIFT_OPTIMIZATION_LEVEL = "-Onone";
				TARGETED_DEVICE_FAMILY = "1,2";
			};
			name = Debug;
		};
		1686786D1E6F4ED9006FD341 /* Release */ = {
			isa = XCBuildConfiguration;
			buildSettings = {
				ALWAYS_SEARCH_USER_PATHS = NO;
				CLANG_ANALYZER_NONNULL = YES;
				CLANG_CXX_LANGUAGE_STANDARD = "gnu++0x";
				CLANG_CXX_LIBRARY = "libc++";
				CLANG_ENABLE_MODULES = YES;
				CLANG_ENABLE_OBJC_ARC = YES;
				CLANG_WARN_BOOL_CONVERSION = YES;
				CLANG_WARN_CONSTANT_CONVERSION = YES;
				CLANG_WARN_DIRECT_OBJC_ISA_USAGE = YES_ERROR;
				CLANG_WARN_DOCUMENTATION_COMMENTS = YES;
				CLANG_WARN_EMPTY_BODY = YES;
				CLANG_WARN_ENUM_CONVERSION = YES;
				CLANG_WARN_INFINITE_RECURSION = YES;
				CLANG_WARN_INT_CONVERSION = YES;
				CLANG_WARN_OBJC_ROOT_CLASS = YES_ERROR;
				CLANG_WARN_SUSPICIOUS_MOVE = YES;
				CLANG_WARN_UNREACHABLE_CODE = YES;
				CLANG_WARN__DUPLICATE_METHOD_MATCH = YES;
				"CODE_SIGN_IDENTITY[sdk=iphoneos*]" = "iPhone Developer";
				COPY_PHASE_STRIP = NO;
				DEBUG_INFORMATION_FORMAT = "dwarf-with-dsym";
				ENABLE_NS_ASSERTIONS = NO;
				ENABLE_STRICT_OBJC_MSGSEND = YES;
				GCC_C_LANGUAGE_STANDARD = gnu99;
				GCC_NO_COMMON_BLOCKS = YES;
				GCC_WARN_64_TO_32_BIT_CONVERSION = YES;
				GCC_WARN_ABOUT_RETURN_TYPE = YES_ERROR;
				GCC_WARN_UNDECLARED_SELECTOR = YES;
				GCC_WARN_UNINITIALIZED_AUTOS = YES_AGGRESSIVE;
				GCC_WARN_UNUSED_FUNCTION = YES;
				GCC_WARN_UNUSED_VARIABLE = YES;
				IPHONEOS_DEPLOYMENT_TARGET = 10.2;
				MTL_ENABLE_DEBUG_INFO = NO;
				SDKROOT = iphoneos;
				SWIFT_OPTIMIZATION_LEVEL = "-Owholemodule";
				TARGETED_DEVICE_FAMILY = "1,2";
				VALIDATE_PRODUCT = YES;
			};
			name = Release;
		};
		1686786F1E6F4ED9006FD341 /* Debug */ = {
			isa = XCBuildConfiguration;
			baseConfigurationReference = D55AC1D844DD69E302F85B54 /* Pods-WeatherService.debug.xcconfig */;
			buildSettings = {
				ALWAYS_EMBED_SWIFT_STANDARD_LIBRARIES = YES;
				ASSETCATALOG_COMPILER_APPICON_NAME = AppIcon;
				DEVELOPMENT_TEAM = K5SQ49A4VN;
				INFOPLIST_FILE = WeatherService/Info.plist;
				LD_RUNPATH_SEARCH_PATHS = "$(inherited) @executable_path/Frameworks";
				PRODUCT_BUNDLE_IDENTIFIER = com.daniel.mdb.WeatherService;
				PRODUCT_NAME = "$(TARGET_NAME)";
				SWIFT_VERSION = 3.0;
			};
			name = Debug;
		};
		168678701E6F4ED9006FD341 /* Release */ = {
			isa = XCBuildConfiguration;
			baseConfigurationReference = E980EEFB051C1339C3ED1C40 /* Pods-WeatherService.release.xcconfig */;
			buildSettings = {
				ALWAYS_EMBED_SWIFT_STANDARD_LIBRARIES = YES;
				ASSETCATALOG_COMPILER_APPICON_NAME = AppIcon;
				DEVELOPMENT_TEAM = K5SQ49A4VN;
				INFOPLIST_FILE = WeatherService/Info.plist;
				LD_RUNPATH_SEARCH_PATHS = "$(inherited) @executable_path/Frameworks";
				PRODUCT_BUNDLE_IDENTIFIER = com.daniel.mdb.WeatherService;
				PRODUCT_NAME = "$(TARGET_NAME)";
				SWIFT_VERSION = 3.0;
			};
			name = Release;
		};
		168678721E6F4ED9006FD341 /* Debug */ = {
			isa = XCBuildConfiguration;
			baseConfigurationReference = 3ED3E8C6B8533317C880B972 /* Pods-WeatherServiceTests.debug.xcconfig */;
			buildSettings = {
				ALWAYS_EMBED_SWIFT_STANDARD_LIBRARIES = YES;
				BUNDLE_LOADER = "$(TEST_HOST)";
				DEVELOPMENT_TEAM = K5SQ49A4VN;
				INFOPLIST_FILE = WeatherServiceTests/Info.plist;
				LD_RUNPATH_SEARCH_PATHS = "$(inherited) @executable_path/Frameworks @loader_path/Frameworks";
				PRODUCT_BUNDLE_IDENTIFIER = com.daniel.mdb.WeatherServiceTests;
				PRODUCT_NAME = "$(TARGET_NAME)";
				SWIFT_VERSION = 3.0;
				TEST_HOST = "$(BUILT_PRODUCTS_DIR)/WeatherService.app/WeatherService";
			};
			name = Debug;
		};
		168678731E6F4ED9006FD341 /* Release */ = {
			isa = XCBuildConfiguration;
			baseConfigurationReference = DA91CC3C62222E9106DC943F /* Pods-WeatherServiceTests.release.xcconfig */;
			buildSettings = {
				ALWAYS_EMBED_SWIFT_STANDARD_LIBRARIES = YES;
				BUNDLE_LOADER = "$(TEST_HOST)";
				DEVELOPMENT_TEAM = K5SQ49A4VN;
				INFOPLIST_FILE = WeatherServiceTests/Info.plist;
				LD_RUNPATH_SEARCH_PATHS = "$(inherited) @executable_path/Frameworks @loader_path/Frameworks";
				PRODUCT_BUNDLE_IDENTIFIER = com.daniel.mdb.WeatherServiceTests;
				PRODUCT_NAME = "$(TARGET_NAME)";
				SWIFT_VERSION = 3.0;
				TEST_HOST = "$(BUILT_PRODUCTS_DIR)/WeatherService.app/WeatherService";
			};
			name = Release;
		};
		168678751E6F4ED9006FD341 /* Debug */ = {
			isa = XCBuildConfiguration;
			baseConfigurationReference = 66A255BBF3977A6DE33A8F80 /* Pods-WeatherServiceUITests.debug.xcconfig */;
			buildSettings = {
				ALWAYS_EMBED_SWIFT_STANDARD_LIBRARIES = YES;
				DEVELOPMENT_TEAM = K5SQ49A4VN;
				INFOPLIST_FILE = WeatherServiceUITests/Info.plist;
				LD_RUNPATH_SEARCH_PATHS = "$(inherited) @executable_path/Frameworks @loader_path/Frameworks";
				PRODUCT_BUNDLE_IDENTIFIER = com.daniel.mdb.WeatherServiceUITests;
				PRODUCT_NAME = "$(TARGET_NAME)";
				SWIFT_VERSION = 3.0;
				TEST_TARGET_NAME = WeatherService;
			};
			name = Debug;
		};
		168678761E6F4ED9006FD341 /* Release */ = {
			isa = XCBuildConfiguration;
			baseConfigurationReference = 78FD6CC9762861D82D28C3AA /* Pods-WeatherServiceUITests.release.xcconfig */;
			buildSettings = {
				ALWAYS_EMBED_SWIFT_STANDARD_LIBRARIES = YES;
				DEVELOPMENT_TEAM = K5SQ49A4VN;
				INFOPLIST_FILE = WeatherServiceUITests/Info.plist;
				LD_RUNPATH_SEARCH_PATHS = "$(inherited) @executable_path/Frameworks @loader_path/Frameworks";
				PRODUCT_BUNDLE_IDENTIFIER = com.daniel.mdb.WeatherServiceUITests;
				PRODUCT_NAME = "$(TARGET_NAME)";
				SWIFT_VERSION = 3.0;
				TEST_TARGET_NAME = WeatherService;
			};
			name = Release;
		};
/* End XCBuildConfiguration section */

/* Begin XCConfigurationList section */
		168678411E6F4ED9006FD341 /* Build configuration list for PBXProject "WeatherService" */ = {
			isa = XCConfigurationList;
			buildConfigurations = (
				1686786C1E6F4ED9006FD341 /* Debug */,
				1686786D1E6F4ED9006FD341 /* Release */,
			);
			defaultConfigurationIsVisible = 0;
			defaultConfigurationName = Release;
		};
		1686786E1E6F4ED9006FD341 /* Build configuration list for PBXNativeTarget "WeatherService" */ = {
			isa = XCConfigurationList;
			buildConfigurations = (
				1686786F1E6F4ED9006FD341 /* Debug */,
				168678701E6F4ED9006FD341 /* Release */,
			);
			defaultConfigurationIsVisible = 0;
			defaultConfigurationName = Release;
		};
		168678711E6F4ED9006FD341 /* Build configuration list for PBXNativeTarget "WeatherServiceTests" */ = {
			isa = XCConfigurationList;
			buildConfigurations = (
				168678721E6F4ED9006FD341 /* Debug */,
				168678731E6F4ED9006FD341 /* Release */,
			);
			defaultConfigurationIsVisible = 0;
			defaultConfigurationName = Release;
		};
		168678741E6F4ED9006FD341 /* Build configuration list for PBXNativeTarget "WeatherServiceUITests" */ = {
			isa = XCConfigurationList;
			buildConfigurations = (
				168678751E6F4ED9006FD341 /* Debug */,
				168678761E6F4ED9006FD341 /* Release */,
			);
			defaultConfigurationIsVisible = 0;
			defaultConfigurationName = Release;
		};
/* End XCConfigurationList section */
	};
	rootObject = 1686783E1E6F4ED9006FD341 /* Project object */;
}
